// !$*UTF8*$!
{
	archiveVersion = 1;
	classes = {
	};
	objectVersion = 56;
	objects = {

/* Begin PBXBuildFile section */
		E7D0370F2DC3B80E007819A8 /* AppDelegate.swift in Sources */ = {isa = PBXBuildFile; fileRef = E7D0370E2DC3B80E007819A8 /* AppDelegate.swift */; };
		E7D037112DC3B80E007819A8 /* SceneDelegate.swift in Sources */ = {isa = PBXBuildFile; fileRef = E7D037102DC3B80E007819A8 /* SceneDelegate.swift */; };
		E7D037132DC3B80E007819A8 /* TabBarController.swift in Sources */ = {isa = PBXBuildFile; fileRef = E7D037122DC3B80E007819A8 /* TabBarController.swift */; };
		E7D037182DC3B80F007819A8 /* Assets.xcassets in Resources */ = {isa = PBXBuildFile; fileRef = E7D037172DC3B80F007819A8 /* Assets.xcassets */; };
		E7D0371B2DC3B80F007819A8 /* Base in Resources */ = {isa = PBXBuildFile; fileRef = E7D0371A2DC3B80F007819A8 /* Base */; };
		E7D037262DC3D3B5007819A8 /* TrackerViewController.swift in Sources */ = {isa = PBXBuildFile; fileRef = E7D037252DC3D3B5007819A8 /* TrackerViewController.swift */; };
		E7D037282DC3D3CD007819A8 /* StatsViewController.swift in Sources */ = {isa = PBXBuildFile; fileRef = E7D037272DC3D3CD007819A8 /* StatsViewController.swift */; };
		E7D037932DC8A9BB007819A8 /* Tracker.swift in Sources */ = {isa = PBXBuildFile; fileRef = E7D037922DC8A9BB007819A8 /* Tracker.swift */; };
		E7D037962DC8AADA007819A8 /* UIColor+RGBColor.swift in Sources */ = {isa = PBXBuildFile; fileRef = E7D037952DC8AADA007819A8 /* UIColor+RGBColor.swift */; };
		E7D037982DC8AD80007819A8 /* RGBColor.swift in Sources */ = {isa = PBXBuildFile; fileRef = E7D037972DC8AD80007819A8 /* RGBColor.swift */; };
		E7D0379C2DC8AECB007819A8 /* Weekday.swift in Sources */ = {isa = PBXBuildFile; fileRef = E7D0379B2DC8AECB007819A8 /* Weekday.swift */; };
		E7D0379E2DC8B082007819A8 /* TrackerCategory.swift in Sources */ = {isa = PBXBuildFile; fileRef = E7D0379D2DC8B082007819A8 /* TrackerCategory.swift */; };
		E7D037A02DC8B0F7007819A8 /* Schedule.swift in Sources */ = {isa = PBXBuildFile; fileRef = E7D0379F2DC8B0F7007819A8 /* Schedule.swift */; };
		E7D037A22DC8B2C9007819A8 /* TrackerRecord.swift in Sources */ = {isa = PBXBuildFile; fileRef = E7D037A12DC8B2C9007819A8 /* TrackerRecord.swift */; };
		E7D037A42DCA6DA8007819A8 /* TrackerCollectionViewCell.swift in Sources */ = {isa = PBXBuildFile; fileRef = E7D037A32DCA6DA8007819A8 /* TrackerCollectionViewCell.swift */; };
		E7D037A82DCB4B87007819A8 /* CategoryTitleView.swift in Sources */ = {isa = PBXBuildFile; fileRef = E7D037A72DCB4B87007819A8 /* CategoryTitleView.swift */; };
		E7D037AA2DCD3292007819A8 /* TrackerDataStore.swift in Sources */ = {isa = PBXBuildFile; fileRef = E7D037A92DCD3292007819A8 /* TrackerDataStore.swift */; };
		E7D037AC2DCD32AC007819A8 /* TrackerDataSource.swift in Sources */ = {isa = PBXBuildFile; fileRef = E7D037AB2DCD32AC007819A8 /* TrackerDataSource.swift */; };
		E7D037B12DCF1E59007819A8 /* NewTrackerViewController.swift in Sources */ = {isa = PBXBuildFile; fileRef = E7D037B02DCF1E59007819A8 /* NewTrackerViewController.swift */; };
		E7D037B32DCF2F3C007819A8 /* NewTrackerSetupViewController.swift in Sources */ = {isa = PBXBuildFile; fileRef = E7D037B22DCF2F3C007819A8 /* NewTrackerSetupViewController.swift */; };
/* End PBXBuildFile section */

/* Begin PBXFileReference section */
		E7D0370B2DC3B80E007819A8 /* Tracker.app */ = {isa = PBXFileReference; explicitFileType = wrapper.application; includeInIndex = 0; path = Tracker.app; sourceTree = BUILT_PRODUCTS_DIR; };
		E7D0370E2DC3B80E007819A8 /* AppDelegate.swift */ = {isa = PBXFileReference; lastKnownFileType = sourcecode.swift; path = AppDelegate.swift; sourceTree = "<group>"; };
		E7D037102DC3B80E007819A8 /* SceneDelegate.swift */ = {isa = PBXFileReference; lastKnownFileType = sourcecode.swift; path = SceneDelegate.swift; sourceTree = "<group>"; };
		E7D037122DC3B80E007819A8 /* TabBarController.swift */ = {isa = PBXFileReference; lastKnownFileType = sourcecode.swift; path = TabBarController.swift; sourceTree = "<group>"; };
		E7D037172DC3B80F007819A8 /* Assets.xcassets */ = {isa = PBXFileReference; lastKnownFileType = folder.assetcatalog; path = Assets.xcassets; sourceTree = "<group>"; };
		E7D0371A2DC3B80F007819A8 /* Base */ = {isa = PBXFileReference; lastKnownFileType = file.storyboard; name = Base; path = Base.lproj/LaunchScreen.storyboard; sourceTree = "<group>"; };
		E7D0371C2DC3B80F007819A8 /* Info.plist */ = {isa = PBXFileReference; lastKnownFileType = text.plist.xml; path = Info.plist; sourceTree = "<group>"; };
		E7D037252DC3D3B5007819A8 /* TrackerViewController.swift */ = {isa = PBXFileReference; lastKnownFileType = sourcecode.swift; path = TrackerViewController.swift; sourceTree = "<group>"; };
		E7D037272DC3D3CD007819A8 /* StatsViewController.swift */ = {isa = PBXFileReference; lastKnownFileType = sourcecode.swift; path = StatsViewController.swift; sourceTree = "<group>"; };
		E7D037922DC8A9BB007819A8 /* Tracker.swift */ = {isa = PBXFileReference; lastKnownFileType = sourcecode.swift; path = Tracker.swift; sourceTree = "<group>"; };
		E7D037952DC8AADA007819A8 /* UIColor+RGBColor.swift */ = {isa = PBXFileReference; lastKnownFileType = sourcecode.swift; path = "UIColor+RGBColor.swift"; sourceTree = "<group>"; };
		E7D037972DC8AD80007819A8 /* RGBColor.swift */ = {isa = PBXFileReference; lastKnownFileType = sourcecode.swift; path = RGBColor.swift; sourceTree = "<group>"; };
		E7D0379B2DC8AECB007819A8 /* Weekday.swift */ = {isa = PBXFileReference; lastKnownFileType = sourcecode.swift; path = Weekday.swift; sourceTree = "<group>"; };
		E7D0379D2DC8B082007819A8 /* TrackerCategory.swift */ = {isa = PBXFileReference; lastKnownFileType = sourcecode.swift; path = TrackerCategory.swift; sourceTree = "<group>"; };
		E7D0379F2DC8B0F7007819A8 /* Schedule.swift */ = {isa = PBXFileReference; lastKnownFileType = sourcecode.swift; path = Schedule.swift; sourceTree = "<group>"; };
		E7D037A12DC8B2C9007819A8 /* TrackerRecord.swift */ = {isa = PBXFileReference; lastKnownFileType = sourcecode.swift; path = TrackerRecord.swift; sourceTree = "<group>"; };
		E7D037A32DCA6DA8007819A8 /* TrackerCollectionViewCell.swift */ = {isa = PBXFileReference; lastKnownFileType = sourcecode.swift; path = TrackerCollectionViewCell.swift; sourceTree = "<group>"; };
		E7D037A72DCB4B87007819A8 /* CategoryTitleView.swift */ = {isa = PBXFileReference; lastKnownFileType = sourcecode.swift; path = CategoryTitleView.swift; sourceTree = "<group>"; };
		E7D037A92DCD3292007819A8 /* TrackerDataStore.swift */ = {isa = PBXFileReference; lastKnownFileType = sourcecode.swift; path = TrackerDataStore.swift; sourceTree = "<group>"; };
		E7D037AB2DCD32AC007819A8 /* TrackerDataSource.swift */ = {isa = PBXFileReference; lastKnownFileType = sourcecode.swift; path = TrackerDataSource.swift; sourceTree = "<group>"; };
		E7D037B02DCF1E59007819A8 /* NewTrackerViewController.swift */ = {isa = PBXFileReference; lastKnownFileType = sourcecode.swift; path = NewTrackerViewController.swift; sourceTree = "<group>"; };
		E7D037B22DCF2F3C007819A8 /* NewTrackerSetupViewController.swift */ = {isa = PBXFileReference; lastKnownFileType = sourcecode.swift; path = NewTrackerSetupViewController.swift; sourceTree = "<group>"; };
/* End PBXFileReference section */

/* Begin PBXFrameworksBuildPhase section */
		E7D037082DC3B80E007819A8 /* Frameworks */ = {
			isa = PBXFrameworksBuildPhase;
			buildActionMask = 2147483647;
			files = (
			);
			runOnlyForDeploymentPostprocessing = 0;
		};
/* End PBXFrameworksBuildPhase section */

/* Begin PBXGroup section */
		E7D037022DC3B80E007819A8 = {
			isa = PBXGroup;
			children = (
				E7D0370D2DC3B80E007819A8 /* Tracker */,
				E7D0370C2DC3B80E007819A8 /* Products */,
			);
			sourceTree = "<group>";
		};
		E7D0370C2DC3B80E007819A8 /* Products */ = {
			isa = PBXGroup;
			children = (
				E7D0370B2DC3B80E007819A8 /* Tracker.app */,
			);
			name = Products;
			sourceTree = "<group>";
		};
		E7D0370D2DC3B80E007819A8 /* Tracker */ = {
			isa = PBXGroup;
			children = (
				E7D037AF2DCF1E38007819A8 /* TrackerCreation */,
				E7D037A62DCA88C2007819A8 /* StatsTab */,
				E7D037A52DCA88AF007819A8 /* TrackerTab */,
				E7D037942DC8AA93007819A8 /* Extensions */,
				E7D037912DC8A9A9007819A8 /* Models */,
				E7D037242DC3C014007819A8 /* Resources */,
				E7D0370E2DC3B80E007819A8 /* AppDelegate.swift */,
				E7D037102DC3B80E007819A8 /* SceneDelegate.swift */,
				E7D037122DC3B80E007819A8 /* TabBarController.swift */,
				E7D037192DC3B80F007819A8 /* LaunchScreen.storyboard */,
			);
			path = Tracker;
			sourceTree = "<group>";
		};
		E7D037242DC3C014007819A8 /* Resources */ = {
			isa = PBXGroup;
			children = (
				E7D0371C2DC3B80F007819A8 /* Info.plist */,
				E7D037172DC3B80F007819A8 /* Assets.xcassets */,
			);
			path = Resources;
			sourceTree = "<group>";
		};
		E7D037912DC8A9A9007819A8 /* Models */ = {
			isa = PBXGroup;
			children = (
				E7D037922DC8A9BB007819A8 /* Tracker.swift */,
				E7D037972DC8AD80007819A8 /* RGBColor.swift */,
				E7D0379B2DC8AECB007819A8 /* Weekday.swift */,
				E7D0379F2DC8B0F7007819A8 /* Schedule.swift */,
				E7D0379D2DC8B082007819A8 /* TrackerCategory.swift */,
				E7D037A12DC8B2C9007819A8 /* TrackerRecord.swift */,
			);
			path = Models;
			sourceTree = "<group>";
		};
		E7D037942DC8AA93007819A8 /* Extensions */ = {
			isa = PBXGroup;
			children = (
				E7D037952DC8AADA007819A8 /* UIColor+RGBColor.swift */,
			);
			path = Extensions;
			sourceTree = "<group>";
		};
		E7D037A52DCA88AF007819A8 /* TrackerTab */ = {
			isa = PBXGroup;
			children = (
				E7D037A32DCA6DA8007819A8 /* TrackerCollectionViewCell.swift */,
				E7D037252DC3D3B5007819A8 /* TrackerViewController.swift */,
				E7D037A72DCB4B87007819A8 /* CategoryTitleView.swift */,
				E7D037A92DCD3292007819A8 /* TrackerDataStore.swift */,
				E7D037AB2DCD32AC007819A8 /* TrackerDataSource.swift */,
			);
			path = TrackerTab;
			sourceTree = "<group>";
		};
		E7D037A62DCA88C2007819A8 /* StatsTab */ = {
			isa = PBXGroup;
			children = (
				E7D037272DC3D3CD007819A8 /* StatsViewController.swift */,
			);
			path = StatsTab;
			sourceTree = "<group>";
		};
		E7D037AF2DCF1E38007819A8 /* TrackerCreation */ = {
			isa = PBXGroup;
			children = (
				E7D037B02DCF1E59007819A8 /* NewTrackerViewController.swift */,
				E7D037B22DCF2F3C007819A8 /* NewTrackerSetupViewController.swift */,
			);
			path = TrackerCreation;
			sourceTree = "<group>";
		};
/* End PBXGroup section */

/* Begin PBXNativeTarget section */
		E7D0370A2DC3B80E007819A8 /* Tracker */ = {
			isa = PBXNativeTarget;
			buildConfigurationList = E7D0371F2DC3B80F007819A8 /* Build configuration list for PBXNativeTarget "Tracker" */;
			buildPhases = (
				E7D037072DC3B80E007819A8 /* Sources */,
				E7D037082DC3B80E007819A8 /* Frameworks */,
				E7D037092DC3B80E007819A8 /* Resources */,
			);
			buildRules = (
			);
			dependencies = (
			);
			name = Tracker;
			productName = Tracker;
			productReference = E7D0370B2DC3B80E007819A8 /* Tracker.app */;
			productType = "com.apple.product-type.application";
		};
/* End PBXNativeTarget section */

/* Begin PBXProject section */
		E7D037032DC3B80E007819A8 /* Project object */ = {
			isa = PBXProject;
			attributes = {
				BuildIndependentTargetsInParallel = 1;
				LastSwiftUpdateCheck = 1540;
				LastUpgradeCheck = 1540;
				TargetAttributes = {
					E7D0370A2DC3B80E007819A8 = {
						CreatedOnToolsVersion = 15.4;
					};
				};
			};
			buildConfigurationList = E7D037062DC3B80E007819A8 /* Build configuration list for PBXProject "Tracker" */;
			compatibilityVersion = "Xcode 14.0";
			developmentRegion = en;
			hasScannedForEncodings = 0;
			knownRegions = (
				en,
				Base,
			);
			mainGroup = E7D037022DC3B80E007819A8;
			productRefGroup = E7D0370C2DC3B80E007819A8 /* Products */;
			projectDirPath = "";
			projectRoot = "";
			targets = (
				E7D0370A2DC3B80E007819A8 /* Tracker */,
			);
		};
/* End PBXProject section */

/* Begin PBXResourcesBuildPhase section */
		E7D037092DC3B80E007819A8 /* Resources */ = {
			isa = PBXResourcesBuildPhase;
			buildActionMask = 2147483647;
			files = (
				E7D037182DC3B80F007819A8 /* Assets.xcassets in Resources */,
				E7D0371B2DC3B80F007819A8 /* Base in Resources */,
			);
			runOnlyForDeploymentPostprocessing = 0;
		};
/* End PBXResourcesBuildPhase section */

/* Begin PBXSourcesBuildPhase section */
		E7D037072DC3B80E007819A8 /* Sources */ = {
			isa = PBXSourcesBuildPhase;
			buildActionMask = 2147483647;
			files = (
				E7D037962DC8AADA007819A8 /* UIColor+RGBColor.swift in Sources */,
				E7D037932DC8A9BB007819A8 /* Tracker.swift in Sources */,
				E7D037B12DCF1E59007819A8 /* NewTrackerViewController.swift in Sources */,
				E7D037A02DC8B0F7007819A8 /* Schedule.swift in Sources */,
				E7D037AA2DCD3292007819A8 /* TrackerDataStore.swift in Sources */,
				E7D037132DC3B80E007819A8 /* TabBarController.swift in Sources */,
				E7D037982DC8AD80007819A8 /* RGBColor.swift in Sources */,
				E7D037A22DC8B2C9007819A8 /* TrackerRecord.swift in Sources */,
				E7D0379E2DC8B082007819A8 /* TrackerCategory.swift in Sources */,
				E7D037262DC3D3B5007819A8 /* TrackerViewController.swift in Sources */,
				E7D037AC2DCD32AC007819A8 /* TrackerDataSource.swift in Sources */,
				E7D0379C2DC8AECB007819A8 /* Weekday.swift in Sources */,
				E7D037B32DCF2F3C007819A8 /* NewTrackerSetupViewController.swift in Sources */,
				E7D037A82DCB4B87007819A8 /* CategoryTitleView.swift in Sources */,
				E7D0370F2DC3B80E007819A8 /* AppDelegate.swift in Sources */,
				E7D037282DC3D3CD007819A8 /* StatsViewController.swift in Sources */,
				E7D037A42DCA6DA8007819A8 /* TrackerCollectionViewCell.swift in Sources */,
				E7D037112DC3B80E007819A8 /* SceneDelegate.swift in Sources */,
			);
			runOnlyForDeploymentPostprocessing = 0;
		};
/* End PBXSourcesBuildPhase section */

/* Begin PBXVariantGroup section */
		E7D037192DC3B80F007819A8 /* LaunchScreen.storyboard */ = {
			isa = PBXVariantGroup;
			children = (
				E7D0371A2DC3B80F007819A8 /* Base */,
			);
			name = LaunchScreen.storyboard;
			sourceTree = "<group>";
		};
/* End PBXVariantGroup section */

/* Begin XCBuildConfiguration section */
		E7D0371D2DC3B80F007819A8 /* Debug */ = {
			isa = XCBuildConfiguration;
			buildSettings = {
				ALWAYS_SEARCH_USER_PATHS = NO;
				ASSETCATALOG_COMPILER_GENERATE_SWIFT_ASSET_SYMBOL_EXTENSIONS = YES;
				CLANG_ANALYZER_NONNULL = YES;
				CLANG_ANALYZER_NUMBER_OBJECT_CONVERSION = YES_AGGRESSIVE;
				CLANG_CXX_LANGUAGE_STANDARD = "gnu++20";
				CLANG_ENABLE_MODULES = YES;
				CLANG_ENABLE_OBJC_ARC = YES;
				CLANG_ENABLE_OBJC_WEAK = YES;
				CLANG_WARN_BLOCK_CAPTURE_AUTORELEASING = YES;
				CLANG_WARN_BOOL_CONVERSION = YES;
				CLANG_WARN_COMMA = YES;
				CLANG_WARN_CONSTANT_CONVERSION = YES;
				CLANG_WARN_DEPRECATED_OBJC_IMPLEMENTATIONS = YES;
				CLANG_WARN_DIRECT_OBJC_ISA_USAGE = YES_ERROR;
				CLANG_WARN_DOCUMENTATION_COMMENTS = YES;
				CLANG_WARN_EMPTY_BODY = YES;
				CLANG_WARN_ENUM_CONVERSION = YES;
				CLANG_WARN_INFINITE_RECURSION = YES;
				CLANG_WARN_INT_CONVERSION = YES;
				CLANG_WARN_NON_LITERAL_NULL_CONVERSION = YES;
				CLANG_WARN_OBJC_IMPLICIT_RETAIN_SELF = YES;
				CLANG_WARN_OBJC_LITERAL_CONVERSION = YES;
				CLANG_WARN_OBJC_ROOT_CLASS = YES_ERROR;
				CLANG_WARN_QUOTED_INCLUDE_IN_FRAMEWORK_HEADER = YES;
				CLANG_WARN_RANGE_LOOP_ANALYSIS = YES;
				CLANG_WARN_STRICT_PROTOTYPES = YES;
				CLANG_WARN_SUSPICIOUS_MOVE = YES;
				CLANG_WARN_UNGUARDED_AVAILABILITY = YES_AGGRESSIVE;
				CLANG_WARN_UNREACHABLE_CODE = YES;
				CLANG_WARN__DUPLICATE_METHOD_MATCH = YES;
				COPY_PHASE_STRIP = NO;
				DEBUG_INFORMATION_FORMAT = dwarf;
				ENABLE_STRICT_OBJC_MSGSEND = YES;
				ENABLE_TESTABILITY = YES;
				ENABLE_USER_SCRIPT_SANDBOXING = YES;
				GCC_C_LANGUAGE_STANDARD = gnu17;
				GCC_DYNAMIC_NO_PIC = NO;
				GCC_NO_COMMON_BLOCKS = YES;
				GCC_OPTIMIZATION_LEVEL = 0;
				GCC_PREPROCESSOR_DEFINITIONS = (
					"DEBUG=1",
					"$(inherited)",
				);
				GCC_WARN_64_TO_32_BIT_CONVERSION = YES;
				GCC_WARN_ABOUT_RETURN_TYPE = YES_ERROR;
				GCC_WARN_UNDECLARED_SELECTOR = YES;
				GCC_WARN_UNINITIALIZED_AUTOS = YES_AGGRESSIVE;
				GCC_WARN_UNUSED_FUNCTION = YES;
				GCC_WARN_UNUSED_VARIABLE = YES;
				IPHONEOS_DEPLOYMENT_TARGET = 13.4;
				LOCALIZATION_PREFERS_STRING_CATALOGS = YES;
				MTL_ENABLE_DEBUG_INFO = INCLUDE_SOURCE;
				MTL_FAST_MATH = YES;
				ONLY_ACTIVE_ARCH = YES;
				SDKROOT = iphoneos;
				SWIFT_ACTIVE_COMPILATION_CONDITIONS = "DEBUG $(inherited)";
				SWIFT_OPTIMIZATION_LEVEL = "-Onone";
			};
			name = Debug;
		};
		E7D0371E2DC3B80F007819A8 /* Release */ = {
			isa = XCBuildConfiguration;
			buildSettings = {
				ALWAYS_SEARCH_USER_PATHS = NO;
				ASSETCATALOG_COMPILER_GENERATE_SWIFT_ASSET_SYMBOL_EXTENSIONS = YES;
				CLANG_ANALYZER_NONNULL = YES;
				CLANG_ANALYZER_NUMBER_OBJECT_CONVERSION = YES_AGGRESSIVE;
				CLANG_CXX_LANGUAGE_STANDARD = "gnu++20";
				CLANG_ENABLE_MODULES = YES;
				CLANG_ENABLE_OBJC_ARC = YES;
				CLANG_ENABLE_OBJC_WEAK = YES;
				CLANG_WARN_BLOCK_CAPTURE_AUTORELEASING = YES;
				CLANG_WARN_BOOL_CONVERSION = YES;
				CLANG_WARN_COMMA = YES;
				CLANG_WARN_CONSTANT_CONVERSION = YES;
				CLANG_WARN_DEPRECATED_OBJC_IMPLEMENTATIONS = YES;
				CLANG_WARN_DIRECT_OBJC_ISA_USAGE = YES_ERROR;
				CLANG_WARN_DOCUMENTATION_COMMENTS = YES;
				CLANG_WARN_EMPTY_BODY = YES;
				CLANG_WARN_ENUM_CONVERSION = YES;
				CLANG_WARN_INFINITE_RECURSION = YES;
				CLANG_WARN_INT_CONVERSION = YES;
				CLANG_WARN_NON_LITERAL_NULL_CONVERSION = YES;
				CLANG_WARN_OBJC_IMPLICIT_RETAIN_SELF = YES;
				CLANG_WARN_OBJC_LITERAL_CONVERSION = YES;
				CLANG_WARN_OBJC_ROOT_CLASS = YES_ERROR;
				CLANG_WARN_QUOTED_INCLUDE_IN_FRAMEWORK_HEADER = YES;
				CLANG_WARN_RANGE_LOOP_ANALYSIS = YES;
				CLANG_WARN_STRICT_PROTOTYPES = YES;
				CLANG_WARN_SUSPICIOUS_MOVE = YES;
				CLANG_WARN_UNGUARDED_AVAILABILITY = YES_AGGRESSIVE;
				CLANG_WARN_UNREACHABLE_CODE = YES;
				CLANG_WARN__DUPLICATE_METHOD_MATCH = YES;
				COPY_PHASE_STRIP = NO;
				DEBUG_INFORMATION_FORMAT = "dwarf-with-dsym";
				ENABLE_NS_ASSERTIONS = NO;
				ENABLE_STRICT_OBJC_MSGSEND = YES;
				ENABLE_USER_SCRIPT_SANDBOXING = YES;
				GCC_C_LANGUAGE_STANDARD = gnu17;
				GCC_NO_COMMON_BLOCKS = YES;
				GCC_WARN_64_TO_32_BIT_CONVERSION = YES;
				GCC_WARN_ABOUT_RETURN_TYPE = YES_ERROR;
				GCC_WARN_UNDECLARED_SELECTOR = YES;
				GCC_WARN_UNINITIALIZED_AUTOS = YES_AGGRESSIVE;
				GCC_WARN_UNUSED_FUNCTION = YES;
				GCC_WARN_UNUSED_VARIABLE = YES;
				IPHONEOS_DEPLOYMENT_TARGET = 13.4;
				LOCALIZATION_PREFERS_STRING_CATALOGS = YES;
				MTL_ENABLE_DEBUG_INFO = NO;
				MTL_FAST_MATH = YES;
				SDKROOT = iphoneos;
				SWIFT_COMPILATION_MODE = wholemodule;
				VALIDATE_PRODUCT = YES;
			};
			name = Release;
		};
		E7D037202DC3B80F007819A8 /* Debug */ = {
			isa = XCBuildConfiguration;
			buildSettings = {
				ASSETCATALOG_COMPILER_APPICON_NAME = AppIcon;
				ASSETCATALOG_COMPILER_GLOBAL_ACCENT_COLOR_NAME = AccentColor;
				CODE_SIGN_STYLE = Automatic;
				CURRENT_PROJECT_VERSION = 1;
				DEVELOPMENT_TEAM = 49WN9PMT22;
				GENERATE_INFOPLIST_FILE = YES;
				INFOPLIST_FILE = Tracker/Resources/Info.plist;
				INFOPLIST_KEY_UIApplicationSupportsIndirectInputEvents = YES;
				INFOPLIST_KEY_UILaunchStoryboardName = LaunchScreen;
				INFOPLIST_KEY_UISupportedInterfaceOrientations = UIInterfaceOrientationPortrait;
				IPHONEOS_DEPLOYMENT_TARGET = 13.4;
				LD_RUNPATH_SEARCH_PATHS = (
					"$(inherited)",
					"@executable_path/Frameworks",
				);
				MARKETING_VERSION = 1.0;
				PRODUCT_BUNDLE_IDENTIFIER = "my-test-team.Tracker";
				PRODUCT_NAME = "$(TARGET_NAME)";
				SUPPORTED_PLATFORMS = "iphoneos iphonesimulator";
				SUPPORTS_MACCATALYST = NO;
				SUPPORTS_MAC_DESIGNED_FOR_IPHONE_IPAD = NO;
				SUPPORTS_XR_DESIGNED_FOR_IPHONE_IPAD = NO;
				SWIFT_EMIT_LOC_STRINGS = YES;
				SWIFT_VERSION = 5.0;
				TARGETED_DEVICE_FAMILY = 1;
			};
			name = Debug;
		};
		E7D037212DC3B80F007819A8 /* Release */ = {
			isa = XCBuildConfiguration;
			buildSettings = {
				ASSETCATALOG_COMPILER_APPICON_NAME = AppIcon;
				ASSETCATALOG_COMPILER_GLOBAL_ACCENT_COLOR_NAME = AccentColor;
				CODE_SIGN_STYLE = Automatic;
				CURRENT_PROJECT_VERSION = 1;
				DEVELOPMENT_TEAM = 49WN9PMT22;
				GENERATE_INFOPLIST_FILE = YES;
				INFOPLIST_FILE = Tracker/Resources/Info.plist;
				INFOPLIST_KEY_UIApplicationSupportsIndirectInputEvents = YES;
				INFOPLIST_KEY_UILaunchStoryboardName = LaunchScreen;
				INFOPLIST_KEY_UISupportedInterfaceOrientations = UIInterfaceOrientationPortrait;
				IPHONEOS_DEPLOYMENT_TARGET = 13.4;
				LD_RUNPATH_SEARCH_PATHS = (
					"$(inherited)",
					"@executable_path/Frameworks",
				);
				MARKETING_VERSION = 1.0;
				PRODUCT_BUNDLE_IDENTIFIER = "my-test-team.Tracker";
				PRODUCT_NAME = "$(TARGET_NAME)";
				SUPPORTED_PLATFORMS = "iphoneos iphonesimulator";
				SUPPORTS_MACCATALYST = NO;
				SUPPORTS_MAC_DESIGNED_FOR_IPHONE_IPAD = NO;
				SUPPORTS_XR_DESIGNED_FOR_IPHONE_IPAD = NO;
				SWIFT_EMIT_LOC_STRINGS = YES;
				SWIFT_VERSION = 5.0;
				TARGETED_DEVICE_FAMILY = 1;
			};
			name = Release;
		};
/* End XCBuildConfiguration section */

/* Begin XCConfigurationList section */
		E7D037062DC3B80E007819A8 /* Build configuration list for PBXProject "Tracker" */ = {
			isa = XCConfigurationList;
			buildConfigurations = (
				E7D0371D2DC3B80F007819A8 /* Debug */,
				E7D0371E2DC3B80F007819A8 /* Release */,
			);
			defaultConfigurationIsVisible = 0;
			defaultConfigurationName = Release;
		};
		E7D0371F2DC3B80F007819A8 /* Build configuration list for PBXNativeTarget "Tracker" */ = {
			isa = XCConfigurationList;
			buildConfigurations = (
				E7D037202DC3B80F007819A8 /* Debug */,
				E7D037212DC3B80F007819A8 /* Release */,
			);
			defaultConfigurationIsVisible = 0;
			defaultConfigurationName = Release;
		};
/* End XCConfigurationList section */
	};
	rootObject = E7D037032DC3B80E007819A8 /* Project object */;
}
